
Microsoft Visual Studio Solution File, Format Version 12.00
# Visual Studio Version 17
VisualStudioVersion = 17.6.33815.320
MinimumVisualStudioVersion = 10.0.40219.1
Project("{9A19103F-16F7-4668-BE54-9A1E7A4F7556}") = "MangaShopSite", "EcommerceSite\MangaShopSite.csproj", "{8BDB7239-C25C-47B7-9BB2-D4BE3B7CEC1A}"
EndProject
Project("{9A19103F-16F7-4668-BE54-9A1E7A4F7556}") = "MangaShop.DataAccess", "Ecommerce.DataAccess\MangaShop.DataAccess.csproj", "{760B83B1-1890-41DB-B3FF-03A56D67469B}"
EndProject
Project("{9A19103F-16F7-4668-BE54-9A1E7A4F7556}") = "MangaShop.Models", "Ecommerce.Models\MangaShop.Models.csproj", "{6CFCF09E-D2A2-4116-96C6-28D429C945C2}"
EndProject
Project("{9A19103F-16F7-4668-BE54-9A1E7A4F7556}") = "MangaShop.Utility", "Ecommerce.Utility\MangaShop.Utility.csproj", "{0BB4E9E6-3A78-46AB-9DC0-EA5D5B616A6E}"
EndProject
Global
	GlobalSection(SolutionConfigurationPlatforms) = preSolution
		Debug|Any CPU = Debug|Any CPU
		Release|Any CPU = Release|Any CPU
	EndGlobalSection
	GlobalSection(ProjectConfigurationPlatforms) = postSolution
		{8BDB7239-C25C-47B7-9BB2-D4BE3B7CEC1A}.Debug|Any CPU.ActiveCfg = Debug|Any CPU
		{8BDB7239-C25C-47B7-9BB2-D4BE3B7CEC1A}.Debug|Any CPU.Build.0 = Debug|Any CPU
		{8BDB7239-C25C-47B7-9BB2-D4BE3B7CEC1A}.Release|Any CPU.ActiveCfg = Release|Any CPU
		{8BDB7239-C25C-47B7-9BB2-D4BE3B7CEC1A}.Release|Any CPU.Build.0 = Release|Any CPU
		{760B83B1-1890-41DB-B3FF-03A56D67469B}.Debug|Any CPU.ActiveCfg = Debug|Any CPU
		{760B83B1-1890-41DB-B3FF-03A56D67469B}.Debug|Any CPU.Build.0 = Debug|Any CPU
		{760B83B1-1890-41DB-B3FF-03A56D67469B}.Release|Any CPU.ActiveCfg = Release|Any CPU
		{760B83B1-1890-41DB-B3FF-03A56D67469B}.Release|Any CPU.Build.0 = Release|Any CPU
		{6CFCF09E-D2A2-4116-96C6-28D429C945C2}.Debug|Any CPU.ActiveCfg = Debug|Any CPU
		{6CFCF09E-D2A2-4116-96C6-28D429C945C2}.Debug|Any CPU.Build.0 = Debug|Any CPU
		{6CFCF09E-D2A2-4116-96C6-28D429C945C2}.Release|Any CPU.ActiveCfg = Release|Any CPU
		{6CFCF09E-D2A2-4116-96C6-28D429C945C2}.Release|Any CPU.Build.0 = Release|Any CPU
		{0BB4E9E6-3A78-46AB-9DC0-EA5D5B616A6E}.Debug|Any CPU.ActiveCfg = Debug|Any CPU
		{0BB4E9E6-3A78-46AB-9DC0-EA5D5B616A6E}.Debug|Any CPU.Build.0 = Debug|Any CPU
		{0BB4E9E6-3A78-46AB-9DC0-EA5D5B616A6E}.Release|Any CPU.ActiveCfg = Release|Any CPU
		{0BB4E9E6-3A78-46AB-9DC0-EA5D5B616A6E}.Release|Any CPU.Build.0 = Release|Any CPU
	EndGlobalSection
	GlobalSection(SolutionProperties) = preSolution
		HideSolutionNode = FALSE
	EndGlobalSection
	GlobalSection(ExtensibilityGlobals) = postSolution
		SolutionGuid = {4A9F1D03-A797-489B-ABD5-98306432FC6C}
	EndGlobalSection
EndGlobal
